
Microsoft Visual Studio Solution File, Format Version 12.00
# Visual Studio Version 17
VisualStudioVersion = 17.14.36414.22
MinimumVisualStudioVersion = 10.0.40219.1
Project("{2150E333-8FDC-42A3-9474-1A3956D46DE8}") = "Task0", "Task0", "{36D591C7-65C7-A0D1-1CBC-10CDE441BDC8}"
EndProject
Project("{FAE04EC0-301F-11D3-BF4B-00C04F79EFBC}") = "Tyuiu.BazilevichAV.Sprint6.Task0.V17.Test", "Tyuiu.BazilevichAV.Sprint6.Task0.V17.Test\Tyuiu.BazilevichAV.Sprint6.Task0.V17.Test.csproj", "{D7389250-632E-4AF3-8422-C0FC272C3822}"
EndProject
Project("{FAE04EC0-301F-11D3-BF4B-00C04F79EFBC}") = "Tyuiu.BazilevichAV.Sprint6.Task0.V17.Lib", "Tyuiu.BazilevichAV.Sprint6.Task0.V17.Lib\Tyuiu.BazilevichAV.Sprint6.Task0.V17.Lib.csproj", "{E0443B69-39DD-4889-8259-877550881323}"
EndProject
Project("{FAE04EC0-301F-11D3-BF4B-00C04F79EFBC}") = "Tyuiu.BazilevichAV.Sprint6.Task0.V17", "Tyuiu.BazilevichAV.Sprint6.Task0.V17\Tyuiu.BazilevichAV.Sprint6.Task0.V17.csproj", "{364856BF-1DCE-4109-9287-2CB687D41516}"
EndProject
Project("{2150E333-8FDC-42A3-9474-1A3956D46DE8}") = "Task1", "Task1", "{D7F26A27-4D03-4979-8D45-AB31877D20BB}"
EndProject
Project("{FAE04EC0-301F-11D3-BF4B-00C04F79EFBC}") = "Tyuiu.BazilevichAV.Sprint6.Task1.V19", "Tyuiu.BazilevichAV.Sprint6.Task1.V19\Tyuiu.BazilevichAV.Sprint6.Task1.V19.csproj", "{08D38EBF-B6A5-42CC-8982-DDBCF846C072}"
EndProject
Project("{FAE04EC0-301F-11D3-BF4B-00C04F79EFBC}") = "Tyuiu.BazilevichAV.Sprint6.Task1.V19.Test", "Tyuiu.BazilevichAV.Sprint6.Task1.V19.Test\Tyuiu.BazilevichAV.Sprint6.Task1.V19.Test.csproj", "{32F00775-18F6-4ABB-9F53-8A5CE29D819D}"
EndProject
Project("{FAE04EC0-301F-11D3-BF4B-00C04F79EFBC}") = "Tyuiu.BazilevichAV.Sprint6.Task1.V19.Lib", "Tyuiu.BazilevichAV.Sprint6.Task1.V19.Lib\Tyuiu.BazilevichAV.Sprint6.Task1.V19.Lib.csproj", "{81AAF7F2-B874-41F9-9B96-D3C25819D4A1}"
EndProject
Project("{2150E333-8FDC-42A3-9474-1A3956D46DE8}") = "Task2", "Task2", "{2AF40235-2EDA-4439-B1F5-25B7DF43EDFF}"
EndProject
Project("{FAE04EC0-301F-11D3-BF4B-00C04F79EFBC}") = "Tyuiu.BazilevichAV.Sprint6.Task2.V16", "Tyuiu.BazilevichAV.Sprint6.Task2.V16\Tyuiu.BazilevichAV.Sprint6.Task2.V16.csproj", "{24911812-C272-4280-9323-38B9030BC889}"
EndProject
Project("{FAE04EC0-301F-11D3-BF4B-00C04F79EFBC}") = "Tyuiu.BazilevichAV.Sprint6.Task2.V16.Lib", "Tyuiu.BazilevichAV.Sprint6.Task2.V16.Lib\Tyuiu.BazilevichAV.Sprint6.Task2.V16.Lib.csproj", "{3BD4F8C3-02CC-477C-8372-E2697C383ACC}"
EndProject
Project("{FAE04EC0-301F-11D3-BF4B-00C04F79EFBC}") = "Tyuiu.BazilevichAV.Sprint6.Task2.V16.Test", "Tyuiu.BazilevichAV.Sprint6.Task2.V16.Test\Tyuiu.BazilevichAV.Sprint6.Task2.V16.Test.csproj", "{25285564-C22B-47BA-AA99-5FC95C608E91}"
EndProject
Project("{2150E333-8FDC-42A3-9474-1A3956D46DE8}") = "Task3", "Task3", "{576F7FBF-F9EF-40CA-8DFE-8DD35776F535}"
EndProject
Project("{FAE04EC0-301F-11D3-BF4B-00C04F79EFBC}") = "Tyuiu.BazilevichAV.Sprint6.Task3.V21", "Tyuiu.BazilevichAV.Sprint6.Task3.V21\Tyuiu.BazilevichAV.Sprint6.Task3.V21.csproj", "{02F3139C-73FD-426E-BF69-B0570F40E304}"
EndProject
Project("{FAE04EC0-301F-11D3-BF4B-00C04F79EFBC}") = "Tyuiu.BazilevichAV.Sprint6.Task3.V21.Test", "Tyuiu.BazilevichAV.Sprint6.Task3.V21.Test\Tyuiu.BazilevichAV.Sprint6.Task3.V21.Test.csproj", "{E1DE00B2-9B58-4C6E-ABFE-94B3B5F3DFE3}"
EndProject
Project("{FAE04EC0-301F-11D3-BF4B-00C04F79EFBC}") = "Tyuiu.BazilevichAV.Sprint6.Task3.V21.Lib", "Tyuiu.BazilevichAV.Sprint6.Task3.V21.Lib\Tyuiu.BazilevichAV.Sprint6.Task3.V21.Lib.csproj", "{4652C76D-0F13-46AD-B73A-5CFE13FEDEC9}"
EndProject
Project("{2150E333-8FDC-42A3-9474-1A3956D46DE8}") = "Task4", "Task4", "{93E4E208-3146-44AE-8C4F-5239904BD3E3}"
EndProject
Project("{FAE04EC0-301F-11D3-BF4B-00C04F79EFBC}") = "Tyuiu.BazilevichAV.Sprint6.Task4.V28", "Tyuiu.BazilevichAV.Sprint6.Task4.V28\Tyuiu.BazilevichAV.Sprint6.Task4.V28.csproj", "{838D9C69-88CD-4F2A-A15B-CD829D52F450}"
EndProject
Project("{FAE04EC0-301F-11D3-BF4B-00C04F79EFBC}") = "Tyuiu.BazilevichAV.Sprint6.Task4.V28.Test", "Tyuiu.BazilevichAV.Sprint6.Task4.V28.Test\Tyuiu.BazilevichAV.Sprint6.Task4.V28.Test.csproj", "{3EA07D67-1DB5-4EAF-96A1-1CA69B5A2204}"
EndProject
Project("{FAE04EC0-301F-11D3-BF4B-00C04F79EFBC}") = "Tyuiu.BazilevichAV.Sprint6.Task4.V28.Lib", "Tyuiu.BazilevichAV.Sprint6.Task4.V28.Lib\Tyuiu.BazilevichAV.Sprint6.Task4.V28.Lib.csproj", "{99D397A0-7356-48C0-B1AE-C1EBC4D89D30}"
EndProject
Project("{2150E333-8FDC-42A3-9474-1A3956D46DE8}") = "Task5", "Task5", "{E1ECF847-E0A6-48B4-BCA4-B993F128930E}"
EndProject
Project("{FAE04EC0-301F-11D3-BF4B-00C04F79EFBC}") = "Tyuiu.BazilevichAV.Sprint6.Task5.V17", "Tyuiu.BazilevichAV.Sprint6.Task5.V17\Tyuiu.BazilevichAV.Sprint6.Task5.V17.csproj", "{EB67088B-2657-468F-BE74-4EBEE9016BA0}"
EndProject
Project("{FAE04EC0-301F-11D3-BF4B-00C04F79EFBC}") = "Tyuiu.BazilevichAV.Sprint6.Task5.V17.Lib", "Tyuiu.BazilevichAV.Sprint6.Task5.V17.Lib\Tyuiu.BazilevichAV.Sprint6.Task5.V17.Lib.csproj", "{53D79FC2-54F9-4C94-B7FD-1E81BB623EA3}"
EndProject
Project("{FAE04EC0-301F-11D3-BF4B-00C04F79EFBC}") = "Tyuiu.BazilevichAV.Sprint6.Task5.V17.Test", "Tyuiu.BazilevichAV.Sprint6.Task5.V17.Test\Tyuiu.BazilevichAV.Sprint6.Task5.V17.Test.csproj", "{0F5F8DFA-7F7F-47DE-97EE-8B41085B8178}"
EndProject
Global
	GlobalSection(SolutionConfigurationPlatforms) = preSolution
		Debug|Any CPU = Debug|Any CPU
		Release|Any CPU = Release|Any CPU
	EndGlobalSection
	GlobalSection(ProjectConfigurationPlatforms) = postSolution
		{D7389250-632E-4AF3-8422-C0FC272C3822}.Debug|Any CPU.ActiveCfg = Debug|Any CPU
		{D7389250-632E-4AF3-8422-C0FC272C3822}.Debug|Any CPU.Build.0 = Debug|Any CPU
		{D7389250-632E-4AF3-8422-C0FC272C3822}.Release|Any CPU.ActiveCfg = Release|Any CPU
		{D7389250-632E-4AF3-8422-C0FC272C3822}.Release|Any CPU.Build.0 = Release|Any CPU
		{E0443B69-39DD-4889-8259-877550881323}.Debug|Any CPU.ActiveCfg = Debug|Any CPU
		{E0443B69-39DD-4889-8259-877550881323}.Debug|Any CPU.Build.0 = Debug|Any CPU
		{E0443B69-39DD-4889-8259-877550881323}.Release|Any CPU.ActiveCfg = Release|Any CPU
		{E0443B69-39DD-4889-8259-877550881323}.Release|Any CPU.Build.0 = Release|Any CPU
		{364856BF-1DCE-4109-9287-2CB687D41516}.Debug|Any CPU.ActiveCfg = Debug|Any CPU
		{364856BF-1DCE-4109-9287-2CB687D41516}.Debug|Any CPU.Build.0 = Debug|Any CPU
		{364856BF-1DCE-4109-9287-2CB687D41516}.Release|Any CPU.ActiveCfg = Release|Any CPU
		{364856BF-1DCE-4109-9287-2CB687D41516}.Release|Any CPU.Build.0 = Release|Any CPU
		{08D38EBF-B6A5-42CC-8982-DDBCF846C072}.Debug|Any CPU.ActiveCfg = Debug|Any CPU
		{08D38EBF-B6A5-42CC-8982-DDBCF846C072}.Debug|Any CPU.Build.0 = Debug|Any CPU
		{08D38EBF-B6A5-42CC-8982-DDBCF846C072}.Release|Any CPU.ActiveCfg = Release|Any CPU
		{08D38EBF-B6A5-42CC-8982-DDBCF846C072}.Release|Any CPU.Build.0 = Release|Any CPU
		{32F00775-18F6-4ABB-9F53-8A5CE29D819D}.Debug|Any CPU.ActiveCfg = Debug|Any CPU
		{32F00775-18F6-4ABB-9F53-8A5CE29D819D}.Debug|Any CPU.Build.0 = Debug|Any CPU
		{32F00775-18F6-4ABB-9F53-8A5CE29D819D}.Release|Any CPU.ActiveCfg = Release|Any CPU
		{32F00775-18F6-4ABB-9F53-8A5CE29D819D}.Release|Any CPU.Build.0 = Release|Any CPU
		{81AAF7F2-B874-41F9-9B96-D3C25819D4A1}.Debug|Any CPU.ActiveCfg = Debug|Any CPU
		{81AAF7F2-B874-41F9-9B96-D3C25819D4A1}.Debug|Any CPU.Build.0 = Debug|Any CPU
		{81AAF7F2-B874-41F9-9B96-D3C25819D4A1}.Release|Any CPU.ActiveCfg = Release|Any CPU
		{81AAF7F2-B874-41F9-9B96-D3C25819D4A1}.Release|Any CPU.Build.0 = Release|Any CPU
		{24911812-C272-4280-9323-38B9030BC889}.Debug|Any CPU.ActiveCfg = Debug|Any CPU
		{24911812-C272-4280-9323-38B9030BC889}.Debug|Any CPU.Build.0 = Debug|Any CPU
		{24911812-C272-4280-9323-38B9030BC889}.Release|Any CPU.ActiveCfg = Release|Any CPU
		{24911812-C272-4280-9323-38B9030BC889}.Release|Any CPU.Build.0 = Release|Any CPU
		{3BD4F8C3-02CC-477C-8372-E2697C383ACC}.Debug|Any CPU.ActiveCfg = Debug|Any CPU
		{3BD4F8C3-02CC-477C-8372-E2697C383ACC}.Debug|Any CPU.Build.0 = Debug|Any CPU
		{3BD4F8C3-02CC-477C-8372-E2697C383ACC}.Release|Any CPU.ActiveCfg = Release|Any CPU
		{3BD4F8C3-02CC-477C-8372-E2697C383ACC}.Release|Any CPU.Build.0 = Release|Any CPU
		{25285564-C22B-47BA-AA99-5FC95C608E91}.Debug|Any CPU.ActiveCfg = Debug|Any CPU
		{25285564-C22B-47BA-AA99-5FC95C608E91}.Debug|Any CPU.Build.0 = Debug|Any CPU
		{25285564-C22B-47BA-AA99-5FC95C608E91}.Release|Any CPU.ActiveCfg = Release|Any CPU
		{25285564-C22B-47BA-AA99-5FC95C608E91}.Release|Any CPU.Build.0 = Release|Any CPU
		{02F3139C-73FD-426E-BF69-B0570F40E304}.Debug|Any CPU.ActiveCfg = Debug|Any CPU
		{02F3139C-73FD-426E-BF69-B0570F40E304}.Debug|Any CPU.Build.0 = Debug|Any CPU
		{02F3139C-73FD-426E-BF69-B0570F40E304}.Release|Any CPU.ActiveCfg = Release|Any CPU
		{02F3139C-73FD-426E-BF69-B0570F40E304}.Release|Any CPU.Build.0 = Release|Any CPU
		{E1DE00B2-9B58-4C6E-ABFE-94B3B5F3DFE3}.Debug|Any CPU.ActiveCfg = Debug|Any CPU
		{E1DE00B2-9B58-4C6E-ABFE-94B3B5F3DFE3}.Debug|Any CPU.Build.0 = Debug|Any CPU
		{E1DE00B2-9B58-4C6E-ABFE-94B3B5F3DFE3}.Release|Any CPU.ActiveCfg = Release|Any CPU
		{E1DE00B2-9B58-4C6E-ABFE-94B3B5F3DFE3}.Release|Any CPU.Build.0 = Release|Any CPU
		{4652C76D-0F13-46AD-B73A-5CFE13FEDEC9}.Debug|Any CPU.ActiveCfg = Debug|Any CPU
		{4652C76D-0F13-46AD-B73A-5CFE13FEDEC9}.Debug|Any CPU.Build.0 = Debug|Any CPU
		{4652C76D-0F13-46AD-B73A-5CFE13FEDEC9}.Release|Any CPU.ActiveCfg = Release|Any CPU
		{4652C76D-0F13-46AD-B73A-5CFE13FEDEC9}.Release|Any CPU.Build.0 = Release|Any CPU
		{838D9C69-88CD-4F2A-A15B-CD829D52F450}.Debug|Any CPU.ActiveCfg = Debug|Any CPU
		{838D9C69-88CD-4F2A-A15B-CD829D52F450}.Debug|Any CPU.Build.0 = Debug|Any CPU
		{838D9C69-88CD-4F2A-A15B-CD829D52F450}.Release|Any CPU.ActiveCfg = Release|Any CPU
		{838D9C69-88CD-4F2A-A15B-CD829D52F450}.Release|Any CPU.Build.0 = Release|Any CPU
		{3EA07D67-1DB5-4EAF-96A1-1CA69B5A2204}.Debug|Any CPU.ActiveCfg = Debug|Any CPU
		{3EA07D67-1DB5-4EAF-96A1-1CA69B5A2204}.Debug|Any CPU.Build.0 = Debug|Any CPU
		{3EA07D67-1DB5-4EAF-96A1-1CA69B5A2204}.Release|Any CPU.ActiveCfg = Release|Any CPU
		{3EA07D67-1DB5-4EAF-96A1-1CA69B5A2204}.Release|Any CPU.Build.0 = Release|Any CPU
		{99D397A0-7356-48C0-B1AE-C1EBC4D89D30}.Debug|Any CPU.ActiveCfg = Debug|Any CPU
		{99D397A0-7356-48C0-B1AE-C1EBC4D89D30}.Debug|Any CPU.Build.0 = Debug|Any CPU
		{99D397A0-7356-48C0-B1AE-C1EBC4D89D30}.Release|Any CPU.ActiveCfg = Release|Any CPU
		{99D397A0-7356-48C0-B1AE-C1EBC4D89D30}.Release|Any CPU.Build.0 = Release|Any CPU
		{EB67088B-2657-468F-BE74-4EBEE9016BA0}.Debug|Any CPU.ActiveCfg = Debug|Any CPU
		{EB67088B-2657-468F-BE74-4EBEE9016BA0}.Debug|Any CPU.Build.0 = Debug|Any CPU
		{EB67088B-2657-468F-BE74-4EBEE9016BA0}.Release|Any CPU.ActiveCfg = Release|Any CPU
		{EB67088B-2657-468F-BE74-4EBEE9016BA0}.Release|Any CPU.Build.0 = Release|Any CPU
		{53D79FC2-54F9-4C94-B7FD-1E81BB623EA3}.Debug|Any CPU.ActiveCfg = Debug|Any CPU
		{53D79FC2-54F9-4C94-B7FD-1E81BB623EA3}.Debug|Any CPU.Build.0 = Debug|Any CPU
		{53D79FC2-54F9-4C94-B7FD-1E81BB623EA3}.Release|Any CPU.ActiveCfg = Release|Any CPU
		{53D79FC2-54F9-4C94-B7FD-1E81BB623EA3}.Release|Any CPU.Build.0 = Release|Any CPU
		{0F5F8DFA-7F7F-47DE-97EE-8B41085B8178}.Debug|Any CPU.ActiveCfg = Debug|Any CPU
		{0F5F8DFA-7F7F-47DE-97EE-8B41085B8178}.Debug|Any CPU.Build.0 = Debug|Any CPU
		{0F5F8DFA-7F7F-47DE-97EE-8B41085B8178}.Release|Any CPU.ActiveCfg = Release|Any CPU
		{0F5F8DFA-7F7F-47DE-97EE-8B41085B8178}.Release|Any CPU.Build.0 = Release|Any CPU
	EndGlobalSection
	GlobalSection(SolutionProperties) = preSolution
		HideSolutionNode = FALSE
	EndGlobalSection
	GlobalSection(NestedProjects) = preSolution
		{D7389250-632E-4AF3-8422-C0FC272C3822} = {36D591C7-65C7-A0D1-1CBC-10CDE441BDC8}
		{E0443B69-39DD-4889-8259-877550881323} = {36D591C7-65C7-A0D1-1CBC-10CDE441BDC8}
		{364856BF-1DCE-4109-9287-2CB687D41516} = {36D591C7-65C7-A0D1-1CBC-10CDE441BDC8}
		{08D38EBF-B6A5-42CC-8982-DDBCF846C072} = {D7F26A27-4D03-4979-8D45-AB31877D20BB}
		{32F00775-18F6-4ABB-9F53-8A5CE29D819D} = {D7F26A27-4D03-4979-8D45-AB31877D20BB}
		{81AAF7F2-B874-41F9-9B96-D3C25819D4A1} = {D7F26A27-4D03-4979-8D45-AB31877D20BB}
		{24911812-C272-4280-9323-38B9030BC889} = {2AF40235-2EDA-4439-B1F5-25B7DF43EDFF}
		{3BD4F8C3-02CC-477C-8372-E2697C383ACC} = {2AF40235-2EDA-4439-B1F5-25B7DF43EDFF}
		{25285564-C22B-47BA-AA99-5FC95C608E91} = {2AF40235-2EDA-4439-B1F5-25B7DF43EDFF}
		{02F3139C-73FD-426E-BF69-B0570F40E304} = {576F7FBF-F9EF-40CA-8DFE-8DD35776F535}
		{E1DE00B2-9B58-4C6E-ABFE-94B3B5F3DFE3} = {576F7FBF-F9EF-40CA-8DFE-8DD35776F535}
		{4652C76D-0F13-46AD-B73A-5CFE13FEDEC9} = {576F7FBF-F9EF-40CA-8DFE-8DD35776F535}
		{838D9C69-88CD-4F2A-A15B-CD829D52F450} = {93E4E208-3146-44AE-8C4F-5239904BD3E3}
		{3EA07D67-1DB5-4EAF-96A1-1CA69B5A2204} = {93E4E208-3146-44AE-8C4F-5239904BD3E3}
		{99D397A0-7356-48C0-B1AE-C1EBC4D89D30} = {93E4E208-3146-44AE-8C4F-5239904BD3E3}
		{EB67088B-2657-468F-BE74-4EBEE9016BA0} = {E1ECF847-E0A6-48B4-BCA4-B993F128930E}
		{53D79FC2-54F9-4C94-B7FD-1E81BB623EA3} = {E1ECF847-E0A6-48B4-BCA4-B993F128930E}
		{0F5F8DFA-7F7F-47DE-97EE-8B41085B8178} = {E1ECF847-E0A6-48B4-BCA4-B993F128930E}
	EndGlobalSection
	GlobalSection(ExtensibilityGlobals) = postSolution
		SolutionGuid = {06BDD74F-FC10-4BDD-BF4B-24A5D1B683CC}
	EndGlobalSection
EndGlobal
